
Microsoft Visual Studio Solution File, Format Version 12.00
# Visual Studio Version 16
VisualStudioVersion = 16.0.31105.61
MinimumVisualStudioVersion = 10.0.40219.1
Project("{9A19103F-16F7-4668-BE54-9A1E7A4F7556}") = "DocumentationLogicielle.App", "DocumentationLogicielle.App\DocumentationLogicielle.App.csproj", "{13A9B4B1-790C-445D-94E9-9E9736513EEC}"
EndProject
Project("{FAE04EC0-301F-11D3-BF4B-00C04F79EFBC}") = "DocumentationLogicielle.Models", "DocumentationLogicielle.Models\DocumentationLogicielle.Models.csproj", "{2A2D3EC3-E1A3-42C2-BA99-482CCE5AE9C2}"
EndProject
Global
	GlobalSection(SolutionConfigurationPlatforms) = preSolution
		Debug|Any CPU = Debug|Any CPU
		Release|Any CPU = Release|Any CPU
	EndGlobalSection
	GlobalSection(ProjectConfigurationPlatforms) = postSolution
		{13A9B4B1-790C-445D-94E9-9E9736513EEC}.Debug|Any CPU.ActiveCfg = Debug|Any CPU
		{13A9B4B1-790C-445D-94E9-9E9736513EEC}.Debug|Any CPU.Build.0 = Debug|Any CPU
		{13A9B4B1-790C-445D-94E9-9E9736513EEC}.Release|Any CPU.ActiveCfg = Release|Any CPU
		{13A9B4B1-790C-445D-94E9-9E9736513EEC}.Release|Any CPU.Build.0 = Release|Any CPU
		{2A2D3EC3-E1A3-42C2-BA99-482CCE5AE9C2}.Debug|Any CPU.ActiveCfg = Debug|Any CPU
		{2A2D3EC3-E1A3-42C2-BA99-482CCE5AE9C2}.Debug|Any CPU.Build.0 = Debug|Any CPU
		{2A2D3EC3-E1A3-42C2-BA99-482CCE5AE9C2}.Release|Any CPU.ActiveCfg = Release|Any CPU
		{2A2D3EC3-E1A3-42C2-BA99-482CCE5AE9C2}.Release|Any CPU.Build.0 = Release|Any CPU
	EndGlobalSection
	GlobalSection(SolutionProperties) = preSolution
		HideSolutionNode = FALSE
	EndGlobalSection
	GlobalSection(ExtensibilityGlobals) = postSolution
		SolutionGuid = {17AE666B-AF7F-4F7E-A7C2-D52F288BCFE8}
	EndGlobalSection
EndGlobal
